
Microsoft Visual Studio Solution File, Format Version 11.00
# Visual Studio 2010
Project("{FAE04EC0-301F-11D3-BF4B-00C04F79EFBC}") = "ExcelLibrary.iOS", "ExcelLibrary.iOS\ExcelLibrary.iOS.csproj", "{28330216-D318-49DB-8BC9-B041047E1E88}"
EndProject
Project("{FAE04EC0-301F-11D3-BF4B-00C04F79EFBC}") = "ExcelLibrary.iOS.Test", "ExcelLibrary.iOS.Test\ExcelLibrary.iOS.Test.csproj", "{1AF51E57-D30C-4BBD-9898-5B9251AA37E0}"
EndProject
Global
	GlobalSection(SolutionConfigurationPlatforms) = preSolution
		Debug|Any CPU = Debug|Any CPU
		Release|Any CPU = Release|Any CPU
		Debug|iPhoneSimulator = Debug|iPhoneSimulator
		Release|iPhoneSimulator = Release|iPhoneSimulator
		Debug|iPhone = Debug|iPhone
		Release|iPhone = Release|iPhone
		Ad-Hoc|iPhone = Ad-Hoc|iPhone
		AppStore|iPhone = AppStore|iPhone
	EndGlobalSection
	GlobalSection(ProjectConfigurationPlatforms) = postSolution
		{1AF51E57-D30C-4BBD-9898-5B9251AA37E0}.Ad-Hoc|iPhone.ActiveCfg = Ad-Hoc|iPhone
		{1AF51E57-D30C-4BBD-9898-5B9251AA37E0}.Ad-Hoc|iPhone.Build.0 = Ad-Hoc|iPhone
		{1AF51E57-D30C-4BBD-9898-5B9251AA37E0}.AppStore|iPhone.ActiveCfg = AppStore|iPhone
		{1AF51E57-D30C-4BBD-9898-5B9251AA37E0}.AppStore|iPhone.Build.0 = AppStore|iPhone
		{1AF51E57-D30C-4BBD-9898-5B9251AA37E0}.Debug|Any CPU.ActiveCfg = Debug|iPhoneSimulator
		{1AF51E57-D30C-4BBD-9898-5B9251AA37E0}.Debug|Any CPU.Build.0 = Debug|iPhoneSimulator
		{1AF51E57-D30C-4BBD-9898-5B9251AA37E0}.Debug|iPhone.ActiveCfg = Debug|iPhone
		{1AF51E57-D30C-4BBD-9898-5B9251AA37E0}.Debug|iPhone.Build.0 = Debug|iPhone
		{1AF51E57-D30C-4BBD-9898-5B9251AA37E0}.Debug|iPhoneSimulator.ActiveCfg = Debug|iPhoneSimulator
		{1AF51E57-D30C-4BBD-9898-5B9251AA37E0}.Debug|iPhoneSimulator.Build.0 = Debug|iPhoneSimulator
		{1AF51E57-D30C-4BBD-9898-5B9251AA37E0}.Release|Any CPU.ActiveCfg = Release|iPhoneSimulator
		{1AF51E57-D30C-4BBD-9898-5B9251AA37E0}.Release|Any CPU.Build.0 = Release|iPhoneSimulator
		{1AF51E57-D30C-4BBD-9898-5B9251AA37E0}.Release|iPhone.ActiveCfg = Release|iPhone
		{1AF51E57-D30C-4BBD-9898-5B9251AA37E0}.Release|iPhone.Build.0 = Release|iPhone
		{1AF51E57-D30C-4BBD-9898-5B9251AA37E0}.Release|iPhoneSimulator.ActiveCfg = Release|iPhoneSimulator
		{1AF51E57-D30C-4BBD-9898-5B9251AA37E0}.Release|iPhoneSimulator.Build.0 = Release|iPhoneSimulator
		{28330216-D318-49DB-8BC9-B041047E1E88}.Ad-Hoc|iPhone.ActiveCfg = Debug|Any CPU
		{28330216-D318-49DB-8BC9-B041047E1E88}.Ad-Hoc|iPhone.Build.0 = Debug|Any CPU
		{28330216-D318-49DB-8BC9-B041047E1E88}.AppStore|iPhone.ActiveCfg = Debug|Any CPU
		{28330216-D318-49DB-8BC9-B041047E1E88}.AppStore|iPhone.Build.0 = Debug|Any CPU
		{28330216-D318-49DB-8BC9-B041047E1E88}.Debug|Any CPU.ActiveCfg = Debug|Any CPU
		{28330216-D318-49DB-8BC9-B041047E1E88}.Debug|Any CPU.Build.0 = Debug|Any CPU
		{28330216-D318-49DB-8BC9-B041047E1E88}.Debug|iPhone.ActiveCfg = Debug|Any CPU
		{28330216-D318-49DB-8BC9-B041047E1E88}.Debug|iPhone.Build.0 = Debug|Any CPU
		{28330216-D318-49DB-8BC9-B041047E1E88}.Debug|iPhoneSimulator.ActiveCfg = Debug|Any CPU
		{28330216-D318-49DB-8BC9-B041047E1E88}.Debug|iPhoneSimulator.Build.0 = Debug|Any CPU
		{28330216-D318-49DB-8BC9-B041047E1E88}.Release|Any CPU.ActiveCfg = Release|Any CPU
		{28330216-D318-49DB-8BC9-B041047E1E88}.Release|Any CPU.Build.0 = Release|Any CPU
		{28330216-D318-49DB-8BC9-B041047E1E88}.Release|iPhone.ActiveCfg = Release|Any CPU
		{28330216-D318-49DB-8BC9-B041047E1E88}.Release|iPhone.Build.0 = Release|Any CPU
		{28330216-D318-49DB-8BC9-B041047E1E88}.Release|iPhoneSimulator.ActiveCfg = Release|Any CPU
		{28330216-D318-49DB-8BC9-B041047E1E88}.Release|iPhoneSimulator.Build.0 = Release|Any CPU
	EndGlobalSection
	GlobalSection(MonoDevelopProperties) = preSolution
		StartupItem = ExcelLibrary.iOS.Test\ExcelLibrary.iOS.Test.csproj
	EndGlobalSection
EndGlobal
